
Microsoft Visual Studio Solution File, Format Version 12.00
# Visual Studio 15
Project("{FAE04EC0-301F-11D3-BF4B-00C04F79EFBC}") = "sTalker.Mobile", "sTalker\sTalker.Mobile.csproj", "{301F46E4-3552-4D8A-A124-6D25C4AE8467}"
EndProject
Project("{FAE04EC0-301F-11D3-BF4B-00C04F79EFBC}") = "sTalker.Server", "Server\sTalker.Server.csproj", "{9FA59228-BC73-4F16-B65D-C67C3BF59FAC}"
EndProject
Global
	GlobalSection(SolutionConfigurationPlatforms) = preSolution
		Debug|Any CPU = Debug|Any CPU
		Release|Any CPU = Release|Any CPU
	EndGlobalSection
	GlobalSection(ProjectConfigurationPlatforms) = postSolution
		{301F46E4-3552-4D8A-A124-6D25C4AE8467}.Debug|Any CPU.ActiveCfg = Debug|Any CPU
		{301F46E4-3552-4D8A-A124-6D25C4AE8467}.Debug|Any CPU.Build.0 = Debug|Any CPU
		{301F46E4-3552-4D8A-A124-6D25C4AE8467}.Release|Any CPU.ActiveCfg = Release|Any CPU
		{301F46E4-3552-4D8A-A124-6D25C4AE8467}.Release|Any CPU.Build.0 = Release|Any CPU
		{9FA59228-BC73-4F16-B65D-C67C3BF59FAC}.Debug|Any CPU.ActiveCfg = Debug|Any CPU
		{9FA59228-BC73-4F16-B65D-C67C3BF59FAC}.Debug|Any CPU.Build.0 = Debug|Any CPU
		{9FA59228-BC73-4F16-B65D-C67C3BF59FAC}.Release|Any CPU.ActiveCfg = Release|Any CPU
		{9FA59228-BC73-4F16-B65D-C67C3BF59FAC}.Release|Any CPU.Build.0 = Release|Any CPU
	EndGlobalSection
EndGlobal
